// !$*UTF8*$!
{
	archiveVersion = 1;
	classes = {
	};
	objectVersion = 46;
	objects = {

/* Begin PBXBuildFile section */
		FD1E238818773C5E0039B562 /* CFXConstants.m in Sources */ = {isa = PBXBuildFile; fileRef = FD1E238718773C5E0039B562 /* CFXConstants.m */; };
		FD1E238B187764710039B562 /* JogJournal.xcdatamodeld in Sources */ = {isa = PBXBuildFile; fileRef = FD1E2389187764710039B562 /* JogJournal.xcdatamodeld */; };
		FD7AA4441873390E00DA1814 /* CBLBase64.m in Sources */ = {isa = PBXBuildFile; fileRef = FD7AA43F1873390E00DA1814 /* CBLBase64.m */; };
		FD7AA4451873390E00DA1814 /* CBLJSON.m in Sources */ = {isa = PBXBuildFile; fileRef = FD7AA4411873390E00DA1814 /* CBLJSON.m */; };
		FD7AA4461873390E00DA1814 /* CBLParseDate.c in Sources */ = {isa = PBXBuildFile; fileRef = FD7AA4421873390E00DA1814 /* CBLParseDate.c */; };
		FD7AA44818733A2B00DA1814 /* libsqlite3.dylib in Frameworks */ = {isa = PBXBuildFile; fileRef = FD7AA44718733A2B00DA1814 /* libsqlite3.dylib */; };
		FDA85FC518788021007DDEEA /* CFXJog.m in Sources */ = {isa = PBXBuildFile; fileRef = FDA85FC418788021007DDEEA /* CFXJog.m */; };
		FDA85FC818788022007DDEEA /* CFXLocation.m in Sources */ = {isa = PBXBuildFile; fileRef = FDA85FC718788022007DDEEA /* CFXLocation.m */; };
		FDA85FCB18788022007DDEEA /* CFXUser.m in Sources */ = {isa = PBXBuildFile; fileRef = FDA85FCA18788022007DDEEA /* CFXUser.m */; };
		FDA85FCD18788C7C007DDEEA /* libz.dylib in Frameworks */ = {isa = PBXBuildFile; fileRef = FDA85FCC18788C7C007DDEEA /* libz.dylib */; };
		FDB1A8DB1868C0C9009C9643 /* CFXJogTableViewCell.m in Sources */ = {isa = PBXBuildFile; fileRef = FDB1A8DA1868C0C9009C9643 /* CFXJogTableViewCell.m */; };
		FDC51F3E1860AAA8006B5E77 /* Foundation.framework in Frameworks */ = {isa = PBXBuildFile; fileRef = FDC51F3D1860AAA8006B5E77 /* Foundation.framework */; };
		FDC51F401860AAA8006B5E77 /* CoreGraphics.framework in Frameworks */ = {isa = PBXBuildFile; fileRef = FDC51F3F1860AAA8006B5E77 /* CoreGraphics.framework */; };
		FDC51F421860AAA8006B5E77 /* UIKit.framework in Frameworks */ = {isa = PBXBuildFile; fileRef = FDC51F411860AAA8006B5E77 /* UIKit.framework */; };
		FDC51F441860AAA8006B5E77 /* CoreData.framework in Frameworks */ = {isa = PBXBuildFile; fileRef = FDC51F431860AAA8006B5E77 /* CoreData.framework */; };
		FDC51F4A1860AAA8006B5E77 /* InfoPlist.strings in Resources */ = {isa = PBXBuildFile; fileRef = FDC51F481860AAA8006B5E77 /* InfoPlist.strings */; };
		FDC51F4C1860AAA8006B5E77 /* main.m in Sources */ = {isa = PBXBuildFile; fileRef = FDC51F4B1860AAA8006B5E77 /* main.m */; };
		FDC51F501860AAA8006B5E77 /* CFXAppDelegate.m in Sources */ = {isa = PBXBuildFile; fileRef = FDC51F4F1860AAA8006B5E77 /* CFXAppDelegate.m */; };
		FDC51F551860AAA8006B5E77 /* Images.xcassets in Resources */ = {isa = PBXBuildFile; fileRef = FDC51F541860AAA8006B5E77 /* Images.xcassets */; };
		FDC51F5C1860AAA8006B5E77 /* XCTest.framework in Frameworks */ = {isa = PBXBuildFile; fileRef = FDC51F5B1860AAA8006B5E77 /* XCTest.framework */; };
		FDC51F5D1860AAA8006B5E77 /* Foundation.framework in Frameworks */ = {isa = PBXBuildFile; fileRef = FDC51F3D1860AAA8006B5E77 /* Foundation.framework */; };
		FDC51F5E1860AAA8006B5E77 /* UIKit.framework in Frameworks */ = {isa = PBXBuildFile; fileRef = FDC51F411860AAA8006B5E77 /* UIKit.framework */; };
		FDC51F5F1860AAA8006B5E77 /* CoreData.framework in Frameworks */ = {isa = PBXBuildFile; fileRef = FDC51F431860AAA8006B5E77 /* CoreData.framework */; };
		FDC51F671860AAA8006B5E77 /* InfoPlist.strings in Resources */ = {isa = PBXBuildFile; fileRef = FDC51F651860AAA8006B5E77 /* InfoPlist.strings */; };
		FDC51F691860AAA8006B5E77 /* JogJournalTests.m in Sources */ = {isa = PBXBuildFile; fileRef = FDC51F681860AAA8006B5E77 /* JogJournalTests.m */; };
		FDC51F731860B444006B5E77 /* Parse.framework in Frameworks */ = {isa = PBXBuildFile; fileRef = FDC51F721860B444006B5E77 /* Parse.framework */; };
		FDC51F771860B4A3006B5E77 /* AudioToolbox.framework in Frameworks */ = {isa = PBXBuildFile; fileRef = FDC51F761860B4A3006B5E77 /* AudioToolbox.framework */; };
		FDC51F791860B4AE006B5E77 /* CFNetwork.framework in Frameworks */ = {isa = PBXBuildFile; fileRef = FDC51F781860B4AE006B5E77 /* CFNetwork.framework */; };
		FDC51F7B1860B4BD006B5E77 /* CoreLocation.framework in Frameworks */ = {isa = PBXBuildFile; fileRef = FDC51F7A1860B4BD006B5E77 /* CoreLocation.framework */; };
		FDC51F7F1860B4D1006B5E77 /* MobileCoreServices.framework in Frameworks */ = {isa = PBXBuildFile; fileRef = FDC51F7E1860B4D1006B5E77 /* MobileCoreServices.framework */; };
		FDC51F811860B4DB006B5E77 /* QuartzCore.framework in Frameworks */ = {isa = PBXBuildFile; fileRef = FDC51F801860B4DB006B5E77 /* QuartzCore.framework */; };
		FDC51F831860B4E4006B5E77 /* Security.framework in Frameworks */ = {isa = PBXBuildFile; fileRef = FDC51F821860B4E4006B5E77 /* Security.framework */; };
		FDC51F851860B4ED006B5E77 /* StoreKit.framework in Frameworks */ = {isa = PBXBuildFile; fileRef = FDC51F841860B4ED006B5E77 /* StoreKit.framework */; };
		FDC51F871860B4F6006B5E77 /* SystemConfiguration.framework in Frameworks */ = {isa = PBXBuildFile; fileRef = FDC51F861860B4F6006B5E77 /* SystemConfiguration.framework */; };
		FDC51F8A1860BA79006B5E77 /* CFXParseManager.m in Sources */ = {isa = PBXBuildFile; fileRef = FDC51F891860BA79006B5E77 /* CFXParseManager.m */; };
		FDC51F8F1860BE6A006B5E77 /* CFXCoreDataManager.m in Sources */ = {isa = PBXBuildFile; fileRef = FDC51F8E1860BE6A006B5E77 /* CFXCoreDataManager.m */; };
		FDC51F921860C1AA006B5E77 /* CFXMainViewController.m in Sources */ = {isa = PBXBuildFile; fileRef = FDC51F911860C1AA006B5E77 /* CFXMainViewController.m */; };
		FDC51F9B18622229006B5E77 /* FacebookSDK.framework in Frameworks */ = {isa = PBXBuildFile; fileRef = FDC51F9A18622229006B5E77 /* FacebookSDK.framework */; };
		FDC51FA418624FDB006B5E77 /* UIColor+Custom.m in Sources */ = {isa = PBXBuildFile; fileRef = FDC51FA118624FDB006B5E77 /* UIColor+Custom.m */; };
		FDC51FA518624FDB006B5E77 /* UIFont+Custom.m in Sources */ = {isa = PBXBuildFile; fileRef = FDC51FA318624FDB006B5E77 /* UIFont+Custom.m */; };
		FDC51FA9186274C1006B5E77 /* CFXButton.m in Sources */ = {isa = PBXBuildFile; fileRef = FDC51FA8186274C1006B5E77 /* CFXButton.m */; };
		FDC51FB2186344BF006B5E77 /* CFXEmailLogInViewController.m in Sources */ = {isa = PBXBuildFile; fileRef = FDC51FAF186344BF006B5E77 /* CFXEmailLogInViewController.m */; };
		FDC51FB3186344BF006B5E77 /* CFXWelcomeViewController.m in Sources */ = {isa = PBXBuildFile; fileRef = FDC51FB1186344BF006B5E77 /* CFXWelcomeViewController.m */; };
		FDC51FB61863747C006B5E77 /* CFXEmailSignUpViewController.m in Sources */ = {isa = PBXBuildFile; fileRef = FDC51FB51863747C006B5E77 /* CFXEmailSignUpViewController.m */; };
		FDC51FB918637592006B5E77 /* CFXEmailResetPasswordController.m in Sources */ = {isa = PBXBuildFile; fileRef = FDC51FB818637592006B5E77 /* CFXEmailResetPasswordController.m */; };
		FDC51FBD1864A545006B5E77 /* CFXLocationManager.m in Sources */ = {isa = PBXBuildFile; fileRef = FDC51FBC1864A545006B5E77 /* CFXLocationManager.m */; };
		FDC51FC01864DCF0006B5E77 /* CFXJogViewController.m in Sources */ = {isa = PBXBuildFile; fileRef = FDC51FBF1864DCF0006B5E77 /* CFXJogViewController.m */; };
		FDC51FC31864F63F006B5E77 /* CFXCompletedJogsViewController.m in Sources */ = {isa = PBXBuildFile; fileRef = FDC51FC21864F63F006B5E77 /* CFXCompletedJogsViewController.m */; };
		FDC51FC61864F6B7006B5E77 /* CFXStatisticsViewController.m in Sources */ = {isa = PBXBuildFile; fileRef = FDC51FC51864F6B7006B5E77 /* CFXStatisticsViewController.m */; };
		FDC51FCD1864FD33006B5E77 /* SVProgressHUD.bundle in Resources */ = {isa = PBXBuildFile; fileRef = FDC51FCA1864FD33006B5E77 /* SVProgressHUD.bundle */; };
		FDC51FCE1864FD33006B5E77 /* SVProgressHUD.m in Sources */ = {isa = PBXBuildFile; fileRef = FDC51FCC1864FD33006B5E77 /* SVProgressHUD.m */; };
		FDC51FD0186602A7006B5E77 /* MapKit.framework in Frameworks */ = {isa = PBXBuildFile; fileRef = FDC51FCF186602A7006B5E77 /* MapKit.framework */; };
		FDC51FDC18661302006B5E77 /* CFXUser+AdditionalMethods.m in Sources */ = {isa = PBXBuildFile; fileRef = FDC51FDB18661302006B5E77 /* CFXUser+AdditionalMethods.m */; };
		FDC51FE318661363006B5E77 /* CFXJog+AdditionalMethods.m in Sources */ = {isa = PBXBuildFile; fileRef = FDC51FE218661363006B5E77 /* CFXJog+AdditionalMethods.m */; };
		FDC51FE618661383006B5E77 /* CFXLocation+AdditionalMethods.m in Sources */ = {isa = PBXBuildFile; fileRef = FDC51FE518661383006B5E77 /* CFXLocation+AdditionalMethods.m */; };
/* End PBXBuildFile section */

/* Begin PBXContainerItemProxy section */
		FDC51F601860AAA8006B5E77 /* PBXContainerItemProxy */ = {
			isa = PBXContainerItemProxy;
			containerPortal = FDC51F321860AAA8006B5E77 /* Project object */;
			proxyType = 1;
			remoteGlobalIDString = FDC51F391860AAA8006B5E77;
			remoteInfo = JogJournal;
		};
/* End PBXContainerItemProxy section */

/* Begin PBXFileReference section */
		FD1E238618773C5E0039B562 /* CFXConstants.h */ = {isa = PBXFileReference; fileEncoding = 4; lastKnownFileType = sourcecode.c.h; lineEnding = 0; path = CFXConstants.h; sourceTree = "<group>"; xcLanguageSpecificationIdentifier = xcode.lang.objcpp; };
		FD1E238718773C5E0039B562 /* CFXConstants.m */ = {isa = PBXFileReference; fileEncoding = 4; lastKnownFileType = sourcecode.c.objc; lineEnding = 0; path = CFXConstants.m; sourceTree = "<group>"; xcLanguageSpecificationIdentifier = xcode.lang.objc; };
		FD1E238A187764710039B562 /* JogJournal.xcdatamodel */ = {isa = PBXFileReference; lastKnownFileType = wrapper.xcdatamodel; path = JogJournal.xcdatamodel; sourceTree = "<group>"; };
		FD7AA43E1873390E00DA1814 /* CBLBase64.h */ = {isa = PBXFileReference; fileEncoding = 4; lastKnownFileType = sourcecode.c.h; path = CBLBase64.h; sourceTree = "<group>"; };
		FD7AA43F1873390E00DA1814 /* CBLBase64.m */ = {isa = PBXFileReference; fileEncoding = 4; lastKnownFileType = sourcecode.c.objc; path = CBLBase64.m; sourceTree = "<group>"; };
		FD7AA4401873390E00DA1814 /* CBLJSON.h */ = {isa = PBXFileReference; fileEncoding = 4; lastKnownFileType = sourcecode.c.h; path = CBLJSON.h; sourceTree = "<group>"; };
		FD7AA4411873390E00DA1814 /* CBLJSON.m */ = {isa = PBXFileReference; fileEncoding = 4; lastKnownFileType = sourcecode.c.objc; path = CBLJSON.m; sourceTree = "<group>"; };
		FD7AA4421873390E00DA1814 /* CBLParseDate.c */ = {isa = PBXFileReference; fileEncoding = 4; lastKnownFileType = sourcecode.c.c; path = CBLParseDate.c; sourceTree = "<group>"; };
		FD7AA4431873390E00DA1814 /* CBLParseDate.h */ = {isa = PBXFileReference; fileEncoding = 4; lastKnownFileType = sourcecode.c.h; path = CBLParseDate.h; sourceTree = "<group>"; };
		FD7AA44718733A2B00DA1814 /* libsqlite3.dylib */ = {isa = PBXFileReference; lastKnownFileType = "compiled.mach-o.dylib"; name = libsqlite3.dylib; path = usr/lib/libsqlite3.dylib; sourceTree = SDKROOT; };
		FDA85FC318788021007DDEEA /* CFXJog.h */ = {isa = PBXFileReference; fileEncoding = 4; lastKnownFileType = sourcecode.c.h; name = CFXJog.h; path = "Core Data/CFXJog.h"; sourceTree = "<group>"; };
		FDA85FC418788021007DDEEA /* CFXJog.m */ = {isa = PBXFileReference; fileEncoding = 4; lastKnownFileType = sourcecode.c.objc; name = CFXJog.m; path = "Core Data/CFXJog.m"; sourceTree = "<group>"; };
		FDA85FC618788022007DDEEA /* CFXLocation.h */ = {isa = PBXFileReference; fileEncoding = 4; lastKnownFileType = sourcecode.c.h; name = CFXLocation.h; path = "Core Data/CFXLocation.h"; sourceTree = "<group>"; };
		FDA85FC718788022007DDEEA /* CFXLocation.m */ = {isa = PBXFileReference; fileEncoding = 4; lastKnownFileType = sourcecode.c.objc; name = CFXLocation.m; path = "Core Data/CFXLocation.m"; sourceTree = "<group>"; };
		FDA85FC918788022007DDEEA /* CFXUser.h */ = {isa = PBXFileReference; fileEncoding = 4; lastKnownFileType = sourcecode.c.h; name = CFXUser.h; path = "Core Data/CFXUser.h"; sourceTree = "<group>"; };
		FDA85FCA18788022007DDEEA /* CFXUser.m */ = {isa = PBXFileReference; fileEncoding = 4; lastKnownFileType = sourcecode.c.objc; name = CFXUser.m; path = "Core Data/CFXUser.m"; sourceTree = "<group>"; };
		FDA85FCC18788C7C007DDEEA /* libz.dylib */ = {isa = PBXFileReference; lastKnownFileType = "compiled.mach-o.dylib"; name = libz.dylib; path = usr/lib/libz.dylib; sourceTree = SDKROOT; };
		FDB1A8D91868C0C9009C9643 /* CFXJogTableViewCell.h */ = {isa = PBXFileReference; fileEncoding = 4; lastKnownFileType = sourcecode.c.h; lineEnding = 0; path = CFXJogTableViewCell.h; sourceTree = "<group>"; xcLanguageSpecificationIdentifier = xcode.lang.objcpp; };
		FDB1A8DA1868C0C9009C9643 /* CFXJogTableViewCell.m */ = {isa = PBXFileReference; fileEncoding = 4; lastKnownFileType = sourcecode.c.objc; lineEnding = 0; path = CFXJogTableViewCell.m; sourceTree = "<group>"; xcLanguageSpecificationIdentifier = xcode.lang.objc; };
		FDC51F3A1860AAA8006B5E77 /* Jog Journal.app */ = {isa = PBXFileReference; explicitFileType = wrapper.application; includeInIndex = 0; path = "Jog Journal.app"; sourceTree = BUILT_PRODUCTS_DIR; };
		FDC51F3D1860AAA8006B5E77 /* Foundation.framework */ = {isa = PBXFileReference; lastKnownFileType = wrapper.framework; name = Foundation.framework; path = System/Library/Frameworks/Foundation.framework; sourceTree = SDKROOT; };
		FDC51F3F1860AAA8006B5E77 /* CoreGraphics.framework */ = {isa = PBXFileReference; lastKnownFileType = wrapper.framework; name = CoreGraphics.framework; path = System/Library/Frameworks/CoreGraphics.framework; sourceTree = SDKROOT; };
		FDC51F411860AAA8006B5E77 /* UIKit.framework */ = {isa = PBXFileReference; lastKnownFileType = wrapper.framework; name = UIKit.framework; path = System/Library/Frameworks/UIKit.framework; sourceTree = SDKROOT; };
		FDC51F431860AAA8006B5E77 /* CoreData.framework */ = {isa = PBXFileReference; lastKnownFileType = wrapper.framework; name = CoreData.framework; path = System/Library/Frameworks/CoreData.framework; sourceTree = SDKROOT; };
		FDC51F471860AAA8006B5E77 /* JogJournal-Info.plist */ = {isa = PBXFileReference; lastKnownFileType = text.plist.xml; path = "JogJournal-Info.plist"; sourceTree = "<group>"; };
		FDC51F491860AAA8006B5E77 /* en */ = {isa = PBXFileReference; lastKnownFileType = text.plist.strings; name = en; path = en.lproj/InfoPlist.strings; sourceTree = "<group>"; };
		FDC51F4B1860AAA8006B5E77 /* main.m */ = {isa = PBXFileReference; lastKnownFileType = sourcecode.c.objc; path = main.m; sourceTree = "<group>"; };
		FDC51F4D1860AAA8006B5E77 /* JogJournal-Prefix.pch */ = {isa = PBXFileReference; lastKnownFileType = sourcecode.c.h; path = "JogJournal-Prefix.pch"; sourceTree = "<group>"; };
		FDC51F4E1860AAA8006B5E77 /* CFXAppDelegate.h */ = {isa = PBXFileReference; lastKnownFileType = sourcecode.c.h; lineEnding = 0; path = CFXAppDelegate.h; sourceTree = "<group>"; xcLanguageSpecificationIdentifier = xcode.lang.objcpp; };
		FDC51F4F1860AAA8006B5E77 /* CFXAppDelegate.m */ = {isa = PBXFileReference; lastKnownFileType = sourcecode.c.objc; lineEnding = 0; path = CFXAppDelegate.m; sourceTree = "<group>"; xcLanguageSpecificationIdentifier = xcode.lang.objc; };
		FDC51F541860AAA8006B5E77 /* Images.xcassets */ = {isa = PBXFileReference; lastKnownFileType = folder.assetcatalog; path = Images.xcassets; sourceTree = "<group>"; };
		FDC51F5A1860AAA8006B5E77 /* JogJournalTests.xctest */ = {isa = PBXFileReference; explicitFileType = wrapper.cfbundle; includeInIndex = 0; path = JogJournalTests.xctest; sourceTree = BUILT_PRODUCTS_DIR; };
		FDC51F5B1860AAA8006B5E77 /* XCTest.framework */ = {isa = PBXFileReference; lastKnownFileType = wrapper.framework; name = XCTest.framework; path = Library/Frameworks/XCTest.framework; sourceTree = DEVELOPER_DIR; };
		FDC51F641860AAA8006B5E77 /* JogJournalTests-Info.plist */ = {isa = PBXFileReference; lastKnownFileType = text.plist.xml; path = "JogJournalTests-Info.plist"; sourceTree = "<group>"; };
		FDC51F661860AAA8006B5E77 /* en */ = {isa = PBXFileReference; lastKnownFileType = text.plist.strings; name = en; path = en.lproj/InfoPlist.strings; sourceTree = "<group>"; };
		FDC51F681860AAA8006B5E77 /* JogJournalTests.m */ = {isa = PBXFileReference; lastKnownFileType = sourcecode.c.objc; path = JogJournalTests.m; sourceTree = "<group>"; };
		FDC51F721860B444006B5E77 /* Parse.framework */ = {isa = PBXFileReference; lastKnownFileType = wrapper.framework; path = Parse.framework; sourceTree = "<group>"; };
		FDC51F761860B4A3006B5E77 /* AudioToolbox.framework */ = {isa = PBXFileReference; lastKnownFileType = wrapper.framework; name = AudioToolbox.framework; path = System/Library/Frameworks/AudioToolbox.framework; sourceTree = SDKROOT; };
		FDC51F781860B4AE006B5E77 /* CFNetwork.framework */ = {isa = PBXFileReference; lastKnownFileType = wrapper.framework; name = CFNetwork.framework; path = System/Library/Frameworks/CFNetwork.framework; sourceTree = SDKROOT; };
		FDC51F7A1860B4BD006B5E77 /* CoreLocation.framework */ = {isa = PBXFileReference; lastKnownFileType = wrapper.framework; name = CoreLocation.framework; path = System/Library/Frameworks/CoreLocation.framework; sourceTree = SDKROOT; };
		FDC51F7E1860B4D1006B5E77 /* MobileCoreServices.framework */ = {isa = PBXFileReference; lastKnownFileType = wrapper.framework; name = MobileCoreServices.framework; path = System/Library/Frameworks/MobileCoreServices.framework; sourceTree = SDKROOT; };
		FDC51F801860B4DB006B5E77 /* QuartzCore.framework */ = {isa = PBXFileReference; lastKnownFileType = wrapper.framework; name = QuartzCore.framework; path = System/Library/Frameworks/QuartzCore.framework; sourceTree = SDKROOT; };
		FDC51F821860B4E4006B5E77 /* Security.framework */ = {isa = PBXFileReference; lastKnownFileType = wrapper.framework; name = Security.framework; path = System/Library/Frameworks/Security.framework; sourceTree = SDKROOT; };
		FDC51F841860B4ED006B5E77 /* StoreKit.framework */ = {isa = PBXFileReference; lastKnownFileType = wrapper.framework; name = StoreKit.framework; path = System/Library/Frameworks/StoreKit.framework; sourceTree = SDKROOT; };
		FDC51F861860B4F6006B5E77 /* SystemConfiguration.framework */ = {isa = PBXFileReference; lastKnownFileType = wrapper.framework; name = SystemConfiguration.framework; path = System/Library/Frameworks/SystemConfiguration.framework; sourceTree = SDKROOT; };
		FDC51F881860BA79006B5E77 /* CFXParseManager.h */ = {isa = PBXFileReference; fileEncoding = 4; lastKnownFileType = sourcecode.c.h; lineEnding = 0; name = CFXParseManager.h; path = Parse/CFXParseManager.h; sourceTree = "<group>"; xcLanguageSpecificationIdentifier = xcode.lang.objcpp; };
		FDC51F891860BA79006B5E77 /* CFXParseManager.m */ = {isa = PBXFileReference; fileEncoding = 4; lastKnownFileType = sourcecode.c.objc; lineEnding = 0; name = CFXParseManager.m; path = Parse/CFXParseManager.m; sourceTree = "<group>"; xcLanguageSpecificationIdentifier = xcode.lang.objc; };
		FDC51F8D1860BE6A006B5E77 /* CFXCoreDataManager.h */ = {isa = PBXFileReference; fileEncoding = 4; lastKnownFileType = sourcecode.c.h; lineEnding = 0; name = CFXCoreDataManager.h; path = "Core Data/CFXCoreDataManager.h"; sourceTree = "<group>"; xcLanguageSpecificationIdentifier = xcode.lang.objcpp; };
		FDC51F8E1860BE6A006B5E77 /* CFXCoreDataManager.m */ = {isa = PBXFileReference; fileEncoding = 4; lastKnownFileType = sourcecode.c.objc; lineEnding = 0; name = CFXCoreDataManager.m; path = "Core Data/CFXCoreDataManager.m"; sourceTree = "<group>"; xcLanguageSpecificationIdentifier = xcode.lang.objc; };
		FDC51F901860C1AA006B5E77 /* CFXMainViewController.h */ = {isa = PBXFileReference; fileEncoding = 4; lastKnownFileType = sourcecode.c.h; lineEnding = 0; path = CFXMainViewController.h; sourceTree = "<group>"; xcLanguageSpecificationIdentifier = xcode.lang.objcpp; };
		FDC51F911860C1AA006B5E77 /* CFXMainViewController.m */ = {isa = PBXFileReference; fileEncoding = 4; lastKnownFileType = sourcecode.c.objc; lineEnding = 0; path = CFXMainViewController.m; sourceTree = "<group>"; xcLanguageSpecificationIdentifier = xcode.lang.objc; };
		FDC51F9A18622229006B5E77 /* FacebookSDK.framework */ = {isa = PBXFileReference; lastKnownFileType = wrapper.framework; path = FacebookSDK.framework; sourceTree = "<group>"; };
		FDC51FA018624FDB006B5E77 /* UIColor+Custom.h */ = {isa = PBXFileReference; fileEncoding = 4; lastKnownFileType = sourcecode.c.h; path = "UIColor+Custom.h"; sourceTree = "<group>"; };
		FDC51FA118624FDB006B5E77 /* UIColor+Custom.m */ = {isa = PBXFileReference; fileEncoding = 4; lastKnownFileType = sourcecode.c.objc; path = "UIColor+Custom.m"; sourceTree = "<group>"; };
		FDC51FA218624FDB006B5E77 /* UIFont+Custom.h */ = {isa = PBXFileReference; fileEncoding = 4; lastKnownFileType = sourcecode.c.h; path = "UIFont+Custom.h"; sourceTree = "<group>"; };
		FDC51FA318624FDB006B5E77 /* UIFont+Custom.m */ = {isa = PBXFileReference; fileEncoding = 4; lastKnownFileType = sourcecode.c.objc; path = "UIFont+Custom.m"; sourceTree = "<group>"; };
		FDC51FA7186274C1006B5E77 /* CFXButton.h */ = {isa = PBXFileReference; fileEncoding = 4; lastKnownFileType = sourcecode.c.h; lineEnding = 0; name = CFXButton.h; path = "Shared UI/CFXButton.h"; sourceTree = "<group>"; xcLanguageSpecificationIdentifier = xcode.lang.objcpp; };
		FDC51FA8186274C1006B5E77 /* CFXButton.m */ = {isa = PBXFileReference; fileEncoding = 4; lastKnownFileType = sourcecode.c.objc; lineEnding = 0; name = CFXButton.m; path = "Shared UI/CFXButton.m"; sourceTree = "<group>"; xcLanguageSpecificationIdentifier = xcode.lang.objc; };
		FDC51FAE186344BF006B5E77 /* CFXEmailLogInViewController.h */ = {isa = PBXFileReference; fileEncoding = 4; lastKnownFileType = sourcecode.c.h; lineEnding = 0; name = CFXEmailLogInViewController.h; path = "Log In/CFXEmailLogInViewController.h"; sourceTree = "<group>"; xcLanguageSpecificationIdentifier = xcode.lang.objcpp; };
		FDC51FAF186344BF006B5E77 /* CFXEmailLogInViewController.m */ = {isa = PBXFileReference; fileEncoding = 4; lastKnownFileType = sourcecode.c.objc; lineEnding = 0; name = CFXEmailLogInViewController.m; path = "Log In/CFXEmailLogInViewController.m"; sourceTree = "<group>"; xcLanguageSpecificationIdentifier = xcode.lang.objc; };
		FDC51FB0186344BF006B5E77 /* CFXWelcomeViewController.h */ = {isa = PBXFileReference; fileEncoding = 4; lastKnownFileType = sourcecode.c.h; lineEnding = 0; name = CFXWelcomeViewController.h; path = "Log In/CFXWelcomeViewController.h"; sourceTree = "<group>"; xcLanguageSpecificationIdentifier = xcode.lang.objcpp; };
		FDC51FB1186344BF006B5E77 /* CFXWelcomeViewController.m */ = {isa = PBXFileReference; fileEncoding = 4; lastKnownFileType = sourcecode.c.objc; lineEnding = 0; name = CFXWelcomeViewController.m; path = "Log In/CFXWelcomeViewController.m"; sourceTree = "<group>"; xcLanguageSpecificationIdentifier = xcode.lang.objc; };
		FDC51FB41863747C006B5E77 /* CFXEmailSignUpViewController.h */ = {isa = PBXFileReference; fileEncoding = 4; lastKnownFileType = sourcecode.c.h; lineEnding = 0; name = CFXEmailSignUpViewController.h; path = "Log In/CFXEmailSignUpViewController.h"; sourceTree = "<group>"; xcLanguageSpecificationIdentifier = xcode.lang.objcpp; };
		FDC51FB51863747C006B5E77 /* CFXEmailSignUpViewController.m */ = {isa = PBXFileReference; fileEncoding = 4; lastKnownFileType = sourcecode.c.objc; lineEnding = 0; name = CFXEmailSignUpViewController.m; path = "Log In/CFXEmailSignUpViewController.m"; sourceTree = "<group>"; xcLanguageSpecificationIdentifier = xcode.lang.objc; };
		FDC51FB718637592006B5E77 /* CFXEmailResetPasswordController.h */ = {isa = PBXFileReference; fileEncoding = 4; lastKnownFileType = sourcecode.c.h; lineEnding = 0; name = CFXEmailResetPasswordController.h; path = "Log In/CFXEmailResetPasswordController.h"; sourceTree = "<group>"; xcLanguageSpecificationIdentifier = xcode.lang.objcpp; };
		FDC51FB818637592006B5E77 /* CFXEmailResetPasswordController.m */ = {isa = PBXFileReference; fileEncoding = 4; lastKnownFileType = sourcecode.c.objc; lineEnding = 0; name = CFXEmailResetPasswordController.m; path = "Log In/CFXEmailResetPasswordController.m"; sourceTree = "<group>"; xcLanguageSpecificationIdentifier = xcode.lang.objc; };
		FDC51FBB1864A545006B5E77 /* CFXLocationManager.h */ = {isa = PBXFileReference; fileEncoding = 4; lastKnownFileType = sourcecode.c.h; lineEnding = 0; name = CFXLocationManager.h; path = "Core Location/CFXLocationManager.h"; sourceTree = "<group>"; xcLanguageSpecificationIdentifier = xcode.lang.objcpp; };
		FDC51FBC1864A545006B5E77 /* CFXLocationManager.m */ = {isa = PBXFileReference; fileEncoding = 4; lastKnownFileType = sourcecode.c.objc; lineEnding = 0; name = CFXLocationManager.m; path = "Core Location/CFXLocationManager.m"; sourceTree = "<group>"; xcLanguageSpecificationIdentifier = xcode.lang.objc; };
		FDC51FBE1864DCF0006B5E77 /* CFXJogViewController.h */ = {isa = PBXFileReference; fileEncoding = 4; lastKnownFileType = sourcecode.c.h; lineEnding = 0; path = CFXJogViewController.h; sourceTree = "<group>"; xcLanguageSpecificationIdentifier = xcode.lang.objcpp; };
		FDC51FBF1864DCF0006B5E77 /* CFXJogViewController.m */ = {isa = PBXFileReference; fileEncoding = 4; lastKnownFileType = sourcecode.c.objc; lineEnding = 0; path = CFXJogViewController.m; sourceTree = "<group>"; xcLanguageSpecificationIdentifier = xcode.lang.objc; };
		FDC51FC11864F63F006B5E77 /* CFXCompletedJogsViewController.h */ = {isa = PBXFileReference; fileEncoding = 4; lastKnownFileType = sourcecode.c.h; lineEnding = 0; path = CFXCompletedJogsViewController.h; sourceTree = "<group>"; xcLanguageSpecificationIdentifier = xcode.lang.objcpp; };
		FDC51FC21864F63F006B5E77 /* CFXCompletedJogsViewController.m */ = {isa = PBXFileReference; fileEncoding = 4; lastKnownFileType = sourcecode.c.objc; lineEnding = 0; path = CFXCompletedJogsViewController.m; sourceTree = "<group>"; xcLanguageSpecificationIdentifier = xcode.lang.objc; };
		FDC51FC41864F6B7006B5E77 /* CFXStatisticsViewController.h */ = {isa = PBXFileReference; fileEncoding = 4; lastKnownFileType = sourcecode.c.h; lineEnding = 0; path = CFXStatisticsViewController.h; sourceTree = "<group>"; xcLanguageSpecificationIdentifier = xcode.lang.objcpp; };
		FDC51FC51864F6B7006B5E77 /* CFXStatisticsViewController.m */ = {isa = PBXFileReference; fileEncoding = 4; lastKnownFileType = sourcecode.c.objc; lineEnding = 0; path = CFXStatisticsViewController.m; sourceTree = "<group>"; xcLanguageSpecificationIdentifier = xcode.lang.objc; };
		FDC51FC91864FD33006B5E77 /* SVProgressHUD-Prefix.pch */ = {isa = PBXFileReference; fileEncoding = 4; lastKnownFileType = sourcecode.c.h; path = "SVProgressHUD-Prefix.pch"; sourceTree = "<group>"; };
		FDC51FCA1864FD33006B5E77 /* SVProgressHUD.bundle */ = {isa = PBXFileReference; lastKnownFileType = "wrapper.plug-in"; path = SVProgressHUD.bundle; sourceTree = "<group>"; };
		FDC51FCB1864FD33006B5E77 /* SVProgressHUD.h */ = {isa = PBXFileReference; fileEncoding = 4; lastKnownFileType = sourcecode.c.h; path = SVProgressHUD.h; sourceTree = "<group>"; };
		FDC51FCC1864FD33006B5E77 /* SVProgressHUD.m */ = {isa = PBXFileReference; fileEncoding = 4; lastKnownFileType = sourcecode.c.objc; path = SVProgressHUD.m; sourceTree = "<group>"; };
		FDC51FCF186602A7006B5E77 /* MapKit.framework */ = {isa = PBXFileReference; lastKnownFileType = wrapper.framework; name = MapKit.framework; path = System/Library/Frameworks/MapKit.framework; sourceTree = SDKROOT; };
		FDC51FDA18661302006B5E77 /* CFXUser+AdditionalMethods.h */ = {isa = PBXFileReference; fileEncoding = 4; lastKnownFileType = sourcecode.c.h; name = "CFXUser+AdditionalMethods.h"; path = "Core Data/Categories/CFXUser+AdditionalMethods.h"; sourceTree = "<group>"; };
		FDC51FDB18661302006B5E77 /* CFXUser+AdditionalMethods.m */ = {isa = PBXFileReference; fileEncoding = 4; lastKnownFileType = sourcecode.c.objc; name = "CFXUser+AdditionalMethods.m"; path = "Core Data/Categories/CFXUser+AdditionalMethods.m"; sourceTree = "<group>"; };
		FDC51FE118661363006B5E77 /* CFXJog+AdditionalMethods.h */ = {isa = PBXFileReference; fileEncoding = 4; lastKnownFileType = sourcecode.c.h; name = "CFXJog+AdditionalMethods.h"; path = "Core Data/Categories/CFXJog+AdditionalMethods.h"; sourceTree = "<group>"; };
		FDC51FE218661363006B5E77 /* CFXJog+AdditionalMethods.m */ = {isa = PBXFileReference; fileEncoding = 4; lastKnownFileType = sourcecode.c.objc; name = "CFXJog+AdditionalMethods.m"; path = "Core Data/Categories/CFXJog+AdditionalMethods.m"; sourceTree = "<group>"; };
		FDC51FE418661383006B5E77 /* CFXLocation+AdditionalMethods.h */ = {isa = PBXFileReference; fileEncoding = 4; lastKnownFileType = sourcecode.c.h; name = "CFXLocation+AdditionalMethods.h"; path = "Core Data/Categories/CFXLocation+AdditionalMethods.h"; sourceTree = "<group>"; };
		FDC51FE518661383006B5E77 /* CFXLocation+AdditionalMethods.m */ = {isa = PBXFileReference; fileEncoding = 4; lastKnownFileType = sourcecode.c.objc; name = "CFXLocation+AdditionalMethods.m"; path = "Core Data/Categories/CFXLocation+AdditionalMethods.m"; sourceTree = "<group>"; };
/* End PBXFileReference section */

/* Begin PBXFrameworksBuildPhase section */
		FDC51F371860AAA8006B5E77 /* Frameworks */ = {
			isa = PBXFrameworksBuildPhase;
			buildActionMask = 2147483647;
			files = (
				FDA85FCD18788C7C007DDEEA /* libz.dylib in Frameworks */,
				FD7AA44818733A2B00DA1814 /* libsqlite3.dylib in Frameworks */,
				FDC51F871860B4F6006B5E77 /* SystemConfiguration.framework in Frameworks */,
				FDC51F851860B4ED006B5E77 /* StoreKit.framework in Frameworks */,
				FDC51FD0186602A7006B5E77 /* MapKit.framework in Frameworks */,
				FDC51F831860B4E4006B5E77 /* Security.framework in Frameworks */,
				FDC51F811860B4DB006B5E77 /* QuartzCore.framework in Frameworks */,
				FDC51F7F1860B4D1006B5E77 /* MobileCoreServices.framework in Frameworks */,
				FDC51F7B1860B4BD006B5E77 /* CoreLocation.framework in Frameworks */,
				FDC51F791860B4AE006B5E77 /* CFNetwork.framework in Frameworks */,
				FDC51F771860B4A3006B5E77 /* AudioToolbox.framework in Frameworks */,
				FDC51F401860AAA8006B5E77 /* CoreGraphics.framework in Frameworks */,
				FDC51F441860AAA8006B5E77 /* CoreData.framework in Frameworks */,
				FDC51F9B18622229006B5E77 /* FacebookSDK.framework in Frameworks */,
				FDC51F421860AAA8006B5E77 /* UIKit.framework in Frameworks */,
				FDC51F3E1860AAA8006B5E77 /* Foundation.framework in Frameworks */,
				FDC51F731860B444006B5E77 /* Parse.framework in Frameworks */,
			);
			runOnlyForDeploymentPostprocessing = 0;
		};
		FDC51F571860AAA8006B5E77 /* Frameworks */ = {
			isa = PBXFrameworksBuildPhase;
			buildActionMask = 2147483647;
			files = (
				FDC51F5C1860AAA8006B5E77 /* XCTest.framework in Frameworks */,
				FDC51F5F1860AAA8006B5E77 /* CoreData.framework in Frameworks */,
				FDC51F5E1860AAA8006B5E77 /* UIKit.framework in Frameworks */,
				FDC51F5D1860AAA8006B5E77 /* Foundation.framework in Frameworks */,
			);
			runOnlyForDeploymentPostprocessing = 0;
		};
/* End PBXFrameworksBuildPhase section */

/* Begin PBXGroup section */
		FD7AA43D1873390E00DA1814 /* CouchbaseLite */ = {
			isa = PBXGroup;
			children = (
				FD7AA43E1873390E00DA1814 /* CBLBase64.h */,
				FD7AA43F1873390E00DA1814 /* CBLBase64.m */,
				FD7AA4401873390E00DA1814 /* CBLJSON.h */,
				FD7AA4411873390E00DA1814 /* CBLJSON.m */,
				FD7AA4421873390E00DA1814 /* CBLParseDate.c */,
				FD7AA4431873390E00DA1814 /* CBLParseDate.h */,
			);
			path = CouchbaseLite;
			sourceTree = "<group>";
		};
		FDC51F311860AAA8006B5E77 = {
			isa = PBXGroup;
			children = (
				FDC51F451860AAA8006B5E77 /* JogJournal */,
				FDC51F621860AAA8006B5E77 /* JogJournalTests */,
				FDC51F3C1860AAA8006B5E77 /* Frameworks */,
				FDC51F3B1860AAA8006B5E77 /* Products */,
			);
			sourceTree = "<group>";
		};
		FDC51F3B1860AAA8006B5E77 /* Products */ = {
			isa = PBXGroup;
			children = (
				FDC51F3A1860AAA8006B5E77 /* Jog Journal.app */,
				FDC51F5A1860AAA8006B5E77 /* JogJournalTests.xctest */,
			);
			name = Products;
			sourceTree = "<group>";
		};
		FDC51F3C1860AAA8006B5E77 /* Frameworks */ = {
			isa = PBXGroup;
			children = (
				FDA85FCC18788C7C007DDEEA /* libz.dylib */,
				FD7AA44718733A2B00DA1814 /* libsqlite3.dylib */,
				FDC51FCF186602A7006B5E77 /* MapKit.framework */,
				FDC51F9A18622229006B5E77 /* FacebookSDK.framework */,
				FDC51F861860B4F6006B5E77 /* SystemConfiguration.framework */,
				FDC51F841860B4ED006B5E77 /* StoreKit.framework */,
				FDC51F821860B4E4006B5E77 /* Security.framework */,
				FDC51F801860B4DB006B5E77 /* QuartzCore.framework */,
				FDC51F7E1860B4D1006B5E77 /* MobileCoreServices.framework */,
				FDC51F7A1860B4BD006B5E77 /* CoreLocation.framework */,
				FDC51F781860B4AE006B5E77 /* CFNetwork.framework */,
				FDC51F761860B4A3006B5E77 /* AudioToolbox.framework */,
				FDC51F721860B444006B5E77 /* Parse.framework */,
				FDC51F3D1860AAA8006B5E77 /* Foundation.framework */,
				FDC51F3F1860AAA8006B5E77 /* CoreGraphics.framework */,
				FDC51F411860AAA8006B5E77 /* UIKit.framework */,
				FDC51F431860AAA8006B5E77 /* CoreData.framework */,
				FDC51F5B1860AAA8006B5E77 /* XCTest.framework */,
			);
			name = Frameworks;
			sourceTree = "<group>";
		};
		FDC51F451860AAA8006B5E77 /* JogJournal */ = {
			isa = PBXGroup;
			children = (
				FDC51F9F18624FDB006B5E77 /* Categories */,
				FDC51F8C1860BDDF006B5E77 /* Core Data */,
				FDC51FBA1864A522006B5E77 /* Core Location */,
				FDC51F541860AAA8006B5E77 /* Images.xcassets */,
				FDC51F4E1860AAA8006B5E77 /* CFXAppDelegate.h */,
				FDC51F4F1860AAA8006B5E77 /* CFXAppDelegate.m */,
				FDC51FC11864F63F006B5E77 /* CFXCompletedJogsViewController.h */,
				FDC51FC21864F63F006B5E77 /* CFXCompletedJogsViewController.m */,
				FD1E238618773C5E0039B562 /* CFXConstants.h */,
				FD1E238718773C5E0039B562 /* CFXConstants.m */,
				FDB1A8D91868C0C9009C9643 /* CFXJogTableViewCell.h */,
				FDB1A8DA1868C0C9009C9643 /* CFXJogTableViewCell.m */,
				FDC51FBE1864DCF0006B5E77 /* CFXJogViewController.h */,
				FDC51FBF1864DCF0006B5E77 /* CFXJogViewController.m */,
				FDC51F901860C1AA006B5E77 /* CFXMainViewController.h */,
				FDC51F911860C1AA006B5E77 /* CFXMainViewController.m */,
				FDC51FC41864F6B7006B5E77 /* CFXStatisticsViewController.h */,
				FDC51FC51864F6B7006B5E77 /* CFXStatisticsViewController.m */,
				FDC51FAD186343F4006B5E77 /* Log In */,
				FDC51F8B1860BA83006B5E77 /* Parse */,
				FDC51FA6186272FD006B5E77 /* Shared UI */,
				FDC51F461860AAA8006B5E77 /* Supporting Files */,
				FDC51FC71864FD33006B5E77 /* Vendor */,
			);
			path = JogJournal;
			sourceTree = "<group>";
		};
		FDC51F461860AAA8006B5E77 /* Supporting Files */ = {
			isa = PBXGroup;
			children = (
				FDC51F471860AAA8006B5E77 /* JogJournal-Info.plist */,
				FDC51F481860AAA8006B5E77 /* InfoPlist.strings */,
				FDC51F4B1860AAA8006B5E77 /* main.m */,
				FDC51F4D1860AAA8006B5E77 /* JogJournal-Prefix.pch */,
			);
			name = "Supporting Files";
			sourceTree = "<group>";
		};
		FDC51F621860AAA8006B5E77 /* JogJournalTests */ = {
			isa = PBXGroup;
			children = (
				FDC51F681860AAA8006B5E77 /* JogJournalTests.m */,
				FDC51F631860AAA8006B5E77 /* Supporting Files */,
			);
			path = JogJournalTests;
			sourceTree = "<group>";
		};
		FDC51F631860AAA8006B5E77 /* Supporting Files */ = {
			isa = PBXGroup;
			children = (
				FDC51F641860AAA8006B5E77 /* JogJournalTests-Info.plist */,
				FDC51F651860AAA8006B5E77 /* InfoPlist.strings */,
			);
			name = "Supporting Files";
			sourceTree = "<group>";
		};
		FDC51F8B1860BA83006B5E77 /* Parse */ = {
			isa = PBXGroup;
			children = (
				FDC51F881860BA79006B5E77 /* CFXParseManager.h */,
				FDC51F891860BA79006B5E77 /* CFXParseManager.m */,
			);
			name = Parse;
			sourceTree = "<group>";
		};
		FDC51F8C1860BDDF006B5E77 /* Core Data */ = {
			isa = PBXGroup;
			children = (
				FDC51FDD18661310006B5E77 /* Categories */,
				FDC51F8D1860BE6A006B5E77 /* CFXCoreDataManager.h */,
				FDC51F8E1860BE6A006B5E77 /* CFXCoreDataManager.m */,
				FD1E2389187764710039B562 /* JogJournal.xcdatamodeld */,
				FDA85FC318788021007DDEEA /* CFXJog.h */,
				FDA85FC418788021007DDEEA /* CFXJog.m */,
				FDA85FC618788022007DDEEA /* CFXLocation.h */,
				FDA85FC718788022007DDEEA /* CFXLocation.m */,
				FDA85FC918788022007DDEEA /* CFXUser.h */,
				FDA85FCA18788022007DDEEA /* CFXUser.m */,
			);
			name = "Core Data";
			sourceTree = "<group>";
		};
		FDC51F9F18624FDB006B5E77 /* Categories */ = {
			isa = PBXGroup;
			children = (
				FDC51FA018624FDB006B5E77 /* UIColor+Custom.h */,
				FDC51FA118624FDB006B5E77 /* UIColor+Custom.m */,
				FDC51FA218624FDB006B5E77 /* UIFont+Custom.h */,
				FDC51FA318624FDB006B5E77 /* UIFont+Custom.m */,
			);
			path = Categories;
			sourceTree = "<group>";
		};
		FDC51FA6186272FD006B5E77 /* Shared UI */ = {
			isa = PBXGroup;
			children = (
				FDC51FA7186274C1006B5E77 /* CFXButton.h */,
				FDC51FA8186274C1006B5E77 /* CFXButton.m */,
			);
			name = "Shared UI";
			sourceTree = "<group>";
		};
		FDC51FAD186343F4006B5E77 /* Log In */ = {
			isa = PBXGroup;
			children = (
				FDC51FAE186344BF006B5E77 /* CFXEmailLogInViewController.h */,
				FDC51FAF186344BF006B5E77 /* CFXEmailLogInViewController.m */,
				FDC51FB718637592006B5E77 /* CFXEmailResetPasswordController.h */,
				FDC51FB818637592006B5E77 /* CFXEmailResetPasswordController.m */,
				FDC51FB41863747C006B5E77 /* CFXEmailSignUpViewController.h */,
				FDC51FB51863747C006B5E77 /* CFXEmailSignUpViewController.m */,
				FDC51FB0186344BF006B5E77 /* CFXWelcomeViewController.h */,
				FDC51FB1186344BF006B5E77 /* CFXWelcomeViewController.m */,
			);
			name = "Log In";
			sourceTree = "<group>";
		};
		FDC51FBA1864A522006B5E77 /* Core Location */ = {
			isa = PBXGroup;
			children = (
				FDC51FBB1864A545006B5E77 /* CFXLocationManager.h */,
				FDC51FBC1864A545006B5E77 /* CFXLocationManager.m */,
			);
			name = "Core Location";
			sourceTree = "<group>";
		};
		FDC51FC71864FD33006B5E77 /* Vendor */ = {
			isa = PBXGroup;
			children = (
				FD7AA43D1873390E00DA1814 /* CouchbaseLite */,
				FDC51FC81864FD33006B5E77 /* SVProgressHUD */,
			);
			path = Vendor;
			sourceTree = "<group>";
		};
		FDC51FC81864FD33006B5E77 /* SVProgressHUD */ = {
			isa = PBXGroup;
			children = (
				FDC51FC91864FD33006B5E77 /* SVProgressHUD-Prefix.pch */,
				FDC51FCA1864FD33006B5E77 /* SVProgressHUD.bundle */,
				FDC51FCB1864FD33006B5E77 /* SVProgressHUD.h */,
				FDC51FCC1864FD33006B5E77 /* SVProgressHUD.m */,
			);
			path = SVProgressHUD;
			sourceTree = "<group>";
		};
		FDC51FDD18661310006B5E77 /* Categories */ = {
			isa = PBXGroup;
			children = (
				FDC51FE118661363006B5E77 /* CFXJog+AdditionalMethods.h */,
				FDC51FE218661363006B5E77 /* CFXJog+AdditionalMethods.m */,
				FDC51FE418661383006B5E77 /* CFXLocation+AdditionalMethods.h */,
				FDC51FE518661383006B5E77 /* CFXLocation+AdditionalMethods.m */,
				FDC51FDA18661302006B5E77 /* CFXUser+AdditionalMethods.h */,
				FDC51FDB18661302006B5E77 /* CFXUser+AdditionalMethods.m */,
			);
			name = Categories;
			sourceTree = "<group>";
		};
/* End PBXGroup section */

/* Begin PBXNativeTarget section */
		FDC51F391860AAA8006B5E77 /* Jog Journal */ = {
			isa = PBXNativeTarget;
			buildConfigurationList = FDC51F6C1860AAA8006B5E77 /* Build configuration list for PBXNativeTarget "Jog Journal" */;
			buildPhases = (
				FDC51F361860AAA8006B5E77 /* Sources */,
				FDC51F371860AAA8006B5E77 /* Frameworks */,
				FDC51F381860AAA8006B5E77 /* Resources */,
			);
			buildRules = (
			);
			dependencies = (
			);
			name = "Jog Journal";
			productName = JogJournal;
			productReference = FDC51F3A1860AAA8006B5E77 /* Jog Journal.app */;
			productType = "com.apple.product-type.application";
		};
		FDC51F591860AAA8006B5E77 /* JogJournalTests */ = {
			isa = PBXNativeTarget;
			buildConfigurationList = FDC51F6F1860AAA8006B5E77 /* Build configuration list for PBXNativeTarget "JogJournalTests" */;
			buildPhases = (
				FDC51F561860AAA8006B5E77 /* Sources */,
				FDC51F571860AAA8006B5E77 /* Frameworks */,
				FDC51F581860AAA8006B5E77 /* Resources */,
			);
			buildRules = (
			);
			dependencies = (
				FDC51F611860AAA8006B5E77 /* PBXTargetDependency */,
			);
			name = JogJournalTests;
			productName = JogJournalTests;
			productReference = FDC51F5A1860AAA8006B5E77 /* JogJournalTests.xctest */;
			productType = "com.apple.product-type.bundle.unit-test";
		};
/* End PBXNativeTarget section */

/* Begin PBXProject section */
		FDC51F321860AAA8006B5E77 /* Project object */ = {
			isa = PBXProject;
			attributes = {
				CLASSPREFIX = JJ;
				LastUpgradeCheck = 0500;
				ORGANIZATIONNAME = "Curious Find";
				TargetAttributes = {
					FDC51F391860AAA8006B5E77 = {
						SystemCapabilities = {
							com.apple.BackgroundModes = {
								enabled = 1;
							};
							com.apple.iOS = {
								enabled = 1;
							};
						};
					};
					FDC51F591860AAA8006B5E77 = {
						TestTargetID = FDC51F391860AAA8006B5E77;
					};
				};
			};
			buildConfigurationList = FDC51F351860AAA8006B5E77 /* Build configuration list for PBXProject "JogJournal" */;
			compatibilityVersion = "Xcode 3.2";
			developmentRegion = English;
			hasScannedForEncodings = 0;
			knownRegions = (
				en,
			);
			mainGroup = FDC51F311860AAA8006B5E77;
			productRefGroup = FDC51F3B1860AAA8006B5E77 /* Products */;
			projectDirPath = "";
			projectRoot = "";
			targets = (
				FDC51F391860AAA8006B5E77 /* Jog Journal */,
				FDC51F591860AAA8006B5E77 /* JogJournalTests */,
			);
		};
/* End PBXProject section */

/* Begin PBXResourcesBuildPhase section */
		FDC51F381860AAA8006B5E77 /* Resources */ = {
			isa = PBXResourcesBuildPhase;
			buildActionMask = 2147483647;
			files = (
				FDC51F4A1860AAA8006B5E77 /* InfoPlist.strings in Resources */,
				FDC51FCD1864FD33006B5E77 /* SVProgressHUD.bundle in Resources */,
				FDC51F551860AAA8006B5E77 /* Images.xcassets in Resources */,
			);
			runOnlyForDeploymentPostprocessing = 0;
		};
		FDC51F581860AAA8006B5E77 /* Resources */ = {
			isa = PBXResourcesBuildPhase;
			buildActionMask = 2147483647;
			files = (
				FDC51F671860AAA8006B5E77 /* InfoPlist.strings in Resources */,
			);
			runOnlyForDeploymentPostprocessing = 0;
		};
/* End PBXResourcesBuildPhase section */

/* Begin PBXSourcesBuildPhase section */
		FDC51F361860AAA8006B5E77 /* Sources */ = {
			isa = PBXSourcesBuildPhase;
			buildActionMask = 2147483647;
			files = (
				FD7AA4441873390E00DA1814 /* CBLBase64.m in Sources */,
				FDC51F8A1860BA79006B5E77 /* CFXParseManager.m in Sources */,
				FDC51FB61863747C006B5E77 /* CFXEmailSignUpViewController.m in Sources */,
				FD1E238818773C5E0039B562 /* CFXConstants.m in Sources */,
				FD7AA4461873390E00DA1814 /* CBLParseDate.c in Sources */,
				FDA85FCB18788022007DDEEA /* CFXUser.m in Sources */,
				FDC51FE318661363006B5E77 /* CFXJog+AdditionalMethods.m in Sources */,
				FDC51FDC18661302006B5E77 /* CFXUser+AdditionalMethods.m in Sources */,
				FDC51F501860AAA8006B5E77 /* CFXAppDelegate.m in Sources */,
				FDC51FA518624FDB006B5E77 /* UIFont+Custom.m in Sources */,
				FDC51FC61864F6B7006B5E77 /* CFXStatisticsViewController.m in Sources */,
				FDC51FCE1864FD33006B5E77 /* SVProgressHUD.m in Sources */,
				FDC51F4C1860AAA8006B5E77 /* main.m in Sources */,
				FD7AA4451873390E00DA1814 /* CBLJSON.m in Sources */,
				FDC51F8F1860BE6A006B5E77 /* CFXCoreDataManager.m in Sources */,
				FD1E238B187764710039B562 /* JogJournal.xcdatamodeld in Sources */,
				FDC51F921860C1AA006B5E77 /* CFXMainViewController.m in Sources */,
				FDC51FA418624FDB006B5E77 /* UIColor+Custom.m in Sources */,
				FDC51FB3186344BF006B5E77 /* CFXWelcomeViewController.m in Sources */,
				FDC51FE618661383006B5E77 /* CFXLocation+AdditionalMethods.m in Sources */,
				FDB1A8DB1868C0C9009C9643 /* CFXJogTableViewCell.m in Sources */,
				FDC51FBD1864A545006B5E77 /* CFXLocationManager.m in Sources */,
				FDC51FA9186274C1006B5E77 /* CFXButton.m in Sources */,
				FDC51FB2186344BF006B5E77 /* CFXEmailLogInViewController.m in Sources */,
				FDA85FC818788022007DDEEA /* CFXLocation.m in Sources */,
				FDC51FC31864F63F006B5E77 /* CFXCompletedJogsViewController.m in Sources */,
				FDC51FC01864DCF0006B5E77 /* CFXJogViewController.m in Sources */,
				FDA85FC518788021007DDEEA /* CFXJog.m in Sources */,
				FDC51FB918637592006B5E77 /* CFXEmailResetPasswordController.m in Sources */,
			);
			runOnlyForDeploymentPostprocessing = 0;
		};
		FDC51F561860AAA8006B5E77 /* Sources */ = {
			isa = PBXSourcesBuildPhase;
			buildActionMask = 2147483647;
			files = (
				FDC51F691860AAA8006B5E77 /* JogJournalTests.m in Sources */,
			);
			runOnlyForDeploymentPostprocessing = 0;
		};
/* End PBXSourcesBuildPhase section */

/* Begin PBXTargetDependency section */
		FDC51F611860AAA8006B5E77 /* PBXTargetDependency */ = {
			isa = PBXTargetDependency;
			target = FDC51F391860AAA8006B5E77 /* Jog Journal */;
			targetProxy = FDC51F601860AAA8006B5E77 /* PBXContainerItemProxy */;
		};
/* End PBXTargetDependency section */

/* Begin PBXVariantGroup section */
		FDC51F481860AAA8006B5E77 /* InfoPlist.strings */ = {
			isa = PBXVariantGroup;
			children = (
				FDC51F491860AAA8006B5E77 /* en */,
			);
			name = InfoPlist.strings;
			sourceTree = "<group>";
		};
		FDC51F651860AAA8006B5E77 /* InfoPlist.strings */ = {
			isa = PBXVariantGroup;
			children = (
				FDC51F661860AAA8006B5E77 /* en */,
			);
			name = InfoPlist.strings;
			sourceTree = "<group>";
		};
/* End PBXVariantGroup section */

/* Begin XCBuildConfiguration section */
		FDC51F6A1860AAA8006B5E77 /* Debug */ = {
			isa = XCBuildConfiguration;
			buildSettings = {
				ALWAYS_SEARCH_USER_PATHS = NO;
				ARCHS = "$(ARCHS_STANDARD_INCLUDING_64_BIT)";
				CLANG_CXX_LANGUAGE_STANDARD = "gnu++0x";
				CLANG_CXX_LIBRARY = "libc++";
				CLANG_ENABLE_MODULES = YES;
				CLANG_ENABLE_OBJC_ARC = YES;
				CLANG_WARN_BOOL_CONVERSION = YES;
				CLANG_WARN_CONSTANT_CONVERSION = YES;
				CLANG_WARN_DIRECT_OBJC_ISA_USAGE = YES_ERROR;
				CLANG_WARN_EMPTY_BODY = YES;
				CLANG_WARN_ENUM_CONVERSION = YES;
				CLANG_WARN_INT_CONVERSION = YES;
				CLANG_WARN_OBJC_ROOT_CLASS = YES_ERROR;
				CLANG_WARN__DUPLICATE_METHOD_MATCH = YES;
				"CODE_SIGN_IDENTITY[sdk=iphoneos*]" = "iPhone Developer";
				COPY_PHASE_STRIP = NO;
				GCC_C_LANGUAGE_STANDARD = gnu99;
				GCC_DYNAMIC_NO_PIC = NO;
				GCC_OPTIMIZATION_LEVEL = 0;
				GCC_PREPROCESSOR_DEFINITIONS = (
					"DEBUG=1",
					"$(inherited)",
				);
				GCC_SYMBOLS_PRIVATE_EXTERN = NO;
				GCC_WARN_64_TO_32_BIT_CONVERSION = YES;
				GCC_WARN_ABOUT_RETURN_TYPE = YES_ERROR;
				GCC_WARN_UNDECLARED_SELECTOR = YES;
				GCC_WARN_UNINITIALIZED_AUTOS = YES;
				GCC_WARN_UNUSED_FUNCTION = YES;
				GCC_WARN_UNUSED_VARIABLE = YES;
				IPHONEOS_DEPLOYMENT_TARGET = 7.0;
				ONLY_ACTIVE_ARCH = YES;
				SDKROOT = iphoneos;
			};
			name = Debug;
		};
		FDC51F6B1860AAA8006B5E77 /* Release */ = {
			isa = XCBuildConfiguration;
			buildSettings = {
				ALWAYS_SEARCH_USER_PATHS = NO;
				ARCHS = "$(ARCHS_STANDARD_INCLUDING_64_BIT)";
				CLANG_CXX_LANGUAGE_STANDARD = "gnu++0x";
				CLANG_CXX_LIBRARY = "libc++";
				CLANG_ENABLE_MODULES = YES;
				CLANG_ENABLE_OBJC_ARC = YES;
				CLANG_WARN_BOOL_CONVERSION = YES;
				CLANG_WARN_CONSTANT_CONVERSION = YES;
				CLANG_WARN_DIRECT_OBJC_ISA_USAGE = YES_ERROR;
				CLANG_WARN_EMPTY_BODY = YES;
				CLANG_WARN_ENUM_CONVERSION = YES;
				CLANG_WARN_INT_CONVERSION = YES;
				CLANG_WARN_OBJC_ROOT_CLASS = YES_ERROR;
				CLANG_WARN__DUPLICATE_METHOD_MATCH = YES;
				"CODE_SIGN_IDENTITY[sdk=iphoneos*]" = "iPhone Developer";
				COPY_PHASE_STRIP = YES;
				ENABLE_NS_ASSERTIONS = NO;
				GCC_C_LANGUAGE_STANDARD = gnu99;
				GCC_WARN_64_TO_32_BIT_CONVERSION = YES;
				GCC_WARN_ABOUT_RETURN_TYPE = YES_ERROR;
				GCC_WARN_UNDECLARED_SELECTOR = YES;
				GCC_WARN_UNINITIALIZED_AUTOS = YES;
				GCC_WARN_UNUSED_FUNCTION = YES;
				GCC_WARN_UNUSED_VARIABLE = YES;
				IPHONEOS_DEPLOYMENT_TARGET = 7.0;
				SDKROOT = iphoneos;
				VALIDATE_PRODUCT = YES;
			};
			name = Release;
		};
		FDC51F6D1860AAA8006B5E77 /* Debug */ = {
			isa = XCBuildConfiguration;
			buildSettings = {
				ASSETCATALOG_COMPILER_APPICON_NAME = AppIcon;
				ASSETCATALOG_COMPILER_LAUNCHIMAGE_NAME = LaunchImage;
				FRAMEWORK_SEARCH_PATHS = (
					"$(inherited)",
					/Users/jamiemcd/Documents/Xcode/CuriousFind/JogJournal,
				);
				GCC_PRECOMPILE_PREFIX_HEADER = YES;
				GCC_PREFIX_HEADER = "JogJournal/JogJournal-Prefix.pch";
				INFOPLIST_FILE = "JogJournal/JogJournal-Info.plist";
				PRODUCT_NAME = "$(TARGET_NAME)";
				WRAPPER_EXTENSION = app;
			};
			name = Debug;
		};
		FDC51F6E1860AAA8006B5E77 /* Release */ = {
			isa = XCBuildConfiguration;
			buildSettings = {
				ASSETCATALOG_COMPILER_APPICON_NAME = AppIcon;
				ASSETCATALOG_COMPILER_LAUNCHIMAGE_NAME = LaunchImage;
				FRAMEWORK_SEARCH_PATHS = (
					"$(inherited)",
					/Users/jamiemcd/Documents/Xcode/CuriousFind/JogJournal,
				);
				GCC_PRECOMPILE_PREFIX_HEADER = YES;
				GCC_PREFIX_HEADER = "JogJournal/JogJournal-Prefix.pch";
				INFOPLIST_FILE = "JogJournal/JogJournal-Info.plist";
				PRODUCT_NAME = "$(TARGET_NAME)";
				WRAPPER_EXTENSION = app;
			};
			name = Release;
		};
		FDC51F701860AAA8006B5E77 /* Debug */ = {
			isa = XCBuildConfiguration;
			buildSettings = {
				ARCHS = "$(ARCHS_STANDARD_INCLUDING_64_BIT)";
				BUNDLE_LOADER = "$(BUILT_PRODUCTS_DIR)/JogJournal.app/JogJournal";
				FRAMEWORK_SEARCH_PATHS = (
					"$(SDKROOT)/Developer/Library/Frameworks",
					"$(inherited)",
					"$(DEVELOPER_FRAMEWORKS_DIR)",
				);
				GCC_PRECOMPILE_PREFIX_HEADER = YES;
				GCC_PREFIX_HEADER = "JogJournal/JogJournal-Prefix.pch";
				GCC_PREPROCESSOR_DEFINITIONS = (
					"DEBUG=1",
					"$(inherited)",
				);
				INFOPLIST_FILE = "JogJournalTests/JogJournalTests-Info.plist";
				PRODUCT_NAME = "$(TARGET_NAME)";
				TEST_HOST = "$(BUNDLE_LOADER)";
				WRAPPER_EXTENSION = xctest;
			};
			name = Debug;
		};
		FDC51F711860AAA8006B5E77 /* Release */ = {
			isa = XCBuildConfiguration;
			buildSettings = {
				ARCHS = "$(ARCHS_STANDARD_INCLUDING_64_BIT)";
				BUNDLE_LOADER = "$(BUILT_PRODUCTS_DIR)/JogJournal.app/JogJournal";
				FRAMEWORK_SEARCH_PATHS = (
					"$(SDKROOT)/Developer/Library/Frameworks",
					"$(inherited)",
					"$(DEVELOPER_FRAMEWORKS_DIR)",
				);
				GCC_PRECOMPILE_PREFIX_HEADER = YES;
				GCC_PREFIX_HEADER = "JogJournal/JogJournal-Prefix.pch";
				INFOPLIST_FILE = "JogJournalTests/JogJournalTests-Info.plist";
				PRODUCT_NAME = "$(TARGET_NAME)";
				TEST_HOST = "$(BUNDLE_LOADER)";
				WRAPPER_EXTENSION = xctest;
			};
			name = Release;
		};
/* End XCBuildConfiguration section */

/* Begin XCConfigurationList section */
		FDC51F351860AAA8006B5E77 /* Build configuration list for PBXProject "JogJournal" */ = {
			isa = XCConfigurationList;
			buildConfigurations = (
				FDC51F6A1860AAA8006B5E77 /* Debug */,
				FDC51F6B1860AAA8006B5E77 /* Release */,
			);
			defaultConfigurationIsVisible = 0;
			defaultConfigurationName = Release;
		};
		FDC51F6C1860AAA8006B5E77 /* Build configuration list for PBXNativeTarget "Jog Journal" */ = {
			isa = XCConfigurationList;
			buildConfigurations = (
				FDC51F6D1860AAA8006B5E77 /* Debug */,
				FDC51F6E1860AAA8006B5E77 /* Release */,
			);
			defaultConfigurationIsVisible = 0;
			defaultConfigurationName = Release;
		};
		FDC51F6F1860AAA8006B5E77 /* Build configuration list for PBXNativeTarget "JogJournalTests" */ = {
			isa = XCConfigurationList;
			buildConfigurations = (
				FDC51F701860AAA8006B5E77 /* Debug */,
				FDC51F711860AAA8006B5E77 /* Release */,
			);
			defaultConfigurationIsVisible = 0;
			defaultConfigurationName = Release;
		};
/* End XCConfigurationList section */

/* Begin XCVersionGroup section */
		FD1E2389187764710039B562 /* JogJournal.xcdatamodeld */ = {
			isa = XCVersionGroup;
			children = (
				FD1E238A187764710039B562 /* JogJournal.xcdatamodel */,
			);
			currentVersion = FD1E238A187764710039B562 /* JogJournal.xcdatamodel */;
			name = JogJournal.xcdatamodeld;
			path = "Core Data/JogJournal.xcdatamodeld";
			sourceTree = "<group>";
			versionGroupType = wrapper.xcdatamodel;
		};
/* End XCVersionGroup section */
	};
	rootObject = FDC51F321860AAA8006B5E77 /* Project object */;
}
